
Microsoft Visual Studio Solution File, Format Version 12.00
# Visual Studio Version 16
VisualStudioVersion = 16.0.30320.27
MinimumVisualStudioVersion = 10.0.40219.1
Project("{FAE04EC0-301F-11D3-BF4B-00C04F79EFBC}") = "AutofacSampleApi", "AutofacSampleApi\AutofacSampleApi.csproj", "{31F3D35D-7E33-40AD-B4F8-DB0F71FF5794}"
EndProject
Project("{FAE04EC0-301F-11D3-BF4B-00C04F79EFBC}") = "SampleInterface", "SampleInterface\SampleInterface.csproj", "{103EA7FF-7EDE-45B5-A965-DF743CB2DAD3}"
EndProject
Project("{FAE04EC0-301F-11D3-BF4B-00C04F79EFBC}") = "SampleService", "SampleService\SampleService.csproj", "{BB7D42A7-4AA7-44A3-866E-B0EF3A90F925}"
EndProject
Global
	GlobalSection(SolutionConfigurationPlatforms) = preSolution
		Debug|Any CPU = Debug|Any CPU
		Release|Any CPU = Release|Any CPU
	EndGlobalSection
	GlobalSection(ProjectConfigurationPlatforms) = postSolution
		{31F3D35D-7E33-40AD-B4F8-DB0F71FF5794}.Debug|Any CPU.ActiveCfg = Debug|Any CPU
		{31F3D35D-7E33-40AD-B4F8-DB0F71FF5794}.Debug|Any CPU.Build.0 = Debug|Any CPU
		{31F3D35D-7E33-40AD-B4F8-DB0F71FF5794}.Release|Any CPU.ActiveCfg = Release|Any CPU
		{31F3D35D-7E33-40AD-B4F8-DB0F71FF5794}.Release|Any CPU.Build.0 = Release|Any CPU
		{103EA7FF-7EDE-45B5-A965-DF743CB2DAD3}.Debug|Any CPU.ActiveCfg = Debug|Any CPU
		{103EA7FF-7EDE-45B5-A965-DF743CB2DAD3}.Debug|Any CPU.Build.0 = Debug|Any CPU
		{103EA7FF-7EDE-45B5-A965-DF743CB2DAD3}.Release|Any CPU.ActiveCfg = Release|Any CPU
		{103EA7FF-7EDE-45B5-A965-DF743CB2DAD3}.Release|Any CPU.Build.0 = Release|Any CPU
		{BB7D42A7-4AA7-44A3-866E-B0EF3A90F925}.Debug|Any CPU.ActiveCfg = Debug|Any CPU
		{BB7D42A7-4AA7-44A3-866E-B0EF3A90F925}.Debug|Any CPU.Build.0 = Debug|Any CPU
		{BB7D42A7-4AA7-44A3-866E-B0EF3A90F925}.Release|Any CPU.ActiveCfg = Release|Any CPU
		{BB7D42A7-4AA7-44A3-866E-B0EF3A90F925}.Release|Any CPU.Build.0 = Release|Any CPU
	EndGlobalSection
	GlobalSection(SolutionProperties) = preSolution
		HideSolutionNode = FALSE
	EndGlobalSection
	GlobalSection(ExtensibilityGlobals) = postSolution
		SolutionGuid = {E6642B89-A5BB-4588-8773-0C424307C269}
	EndGlobalSection
EndGlobal
